lockfileVersion: 5.3

specifiers:
  commander: ^9.4.1
  vue-i18n: ^9.2.2

devDependencies:
  commander: 9.4.1
  vue-i18n: 9.2.2

packages:

  /@intlify/core-base/9.2.2:
    resolution: {integrity: sha512-JjUpQtNfn+joMbrXvpR4hTF8iJQ2sEFzzK3KIESOx+f+uwIjgw20igOyaIdhfsVVBCds8ZM64MoeNSx+PHQMkA==}
    engines: {node: '>= 14'}
    dependencies:
      '@intlify/devtools-if': 9.2.2
      '@intlify/message-compiler': 9.2.2
      '@intlify/shared': 9.2.2
      '@intlify/vue-devtools': 9.2.2
    dev: true

  /@intlify/devtools-if/9.2.2:
    resolution: {integrity: sha512-4ttr/FNO29w+kBbU7HZ/U0Lzuh2cRDhP8UlWOtV9ERcjHzuyXVZmjyleESK6eVP60tGC9QtQW9yZE+JeRhDHkg==}
    engines: {node: '>= 14'}
    dependencies:
      '@intlify/shared': 9.2.2
    dev: true

  /@intlify/message-compiler/9.2.2:
    resolution: {integrity: sha512-IUrQW7byAKN2fMBe8z6sK6riG1pue95e5jfokn8hA5Q3Bqy4MBJ5lJAofUsawQJYHeoPJ7svMDyBaVJ4d0GTtA==}
    engines: {node: '>= 14'}
    dependencies:
      '@intlify/shared': 9.2.2
      source-map: 0.6.1
    dev: true

  /@intlify/shared/9.2.2:
    resolution: {integrity: sha512-wRwTpsslgZS5HNyM7uDQYZtxnbI12aGiBZURX3BTR9RFIKKRWpllTsgzHWvj3HKm3Y2Sh5LPC1r0PDCKEhVn9Q==}
    engines: {node: '>= 14'}
    dev: true

  /@intlify/vue-devtools/9.2.2:
    resolution: {integrity: sha512-+dUyqyCHWHb/UcvY1MlIpO87munedm3Gn6E9WWYdWrMuYLcoIoOEVDWSS8xSwtlPU+kA+MEQTP6Q1iI/ocusJg==}
    engines: {node: '>= 14'}
    dependencies:
      '@intlify/core-base': 9.2.2
      '@intlify/shared': 9.2.2
    dev: true

  /@vue/devtools-api/6.4.4:
    resolution: {integrity: sha512-Ku31WzpOV/8cruFaXaEZKF81WkNnvCSlBY4eOGtz5WMSdJvX1v1WWlSMGZeqUwPtQ27ZZz7B62erEMq8JDjcXw==}
    dev: true

  /commander/9.4.1:
    resolution: {integrity: sha512-5EEkTNyHNGFPD2H+c/dXXfQZYa/scCKasxWcXJaWnNJ99pnQN9Vnmqow+p+PlFPE63Q6mThaZws1T+HxfpgtPw==}
    engines: {node: ^12.20.0 || >=14}
    dev: true

  /source-map/0.6.1:
    resolution: {integrity: sha512-UjgapumWlbMhkBgzT7Ykc5YXUT46F0iKu8SGXq0bcwP5dz/h0Plj6enJqjz1Zbq2l5WaqYnrVbwWOWMyF3F47g==}
    engines: {node: '>=0.10.0'}
    dev: true

  /vue-i18n/9.2.2:
    resolution: {integrity: sha512-yswpwtj89rTBhegUAv9Mu37LNznyu3NpyLQmozF3i1hYOhwpG8RjcjIFIIfnu+2MDZJGSZPXaKWvnQA71Yv9TQ==}
    engines: {node: '>= 14'}
    peerDependencies:
      vue: ^3.0.0
    dependencies:
      '@intlify/core-base': 9.2.2
      '@intlify/shared': 9.2.2
      '@intlify/vue-devtools': 9.2.2
      '@vue/devtools-api': 6.4.4
    dev: true
